
Microsoft Visual Studio Solution File, Format Version 12.00
# Visual Studio Version 16
VisualStudioVersion = 16.0.31911.196
MinimumVisualStudioVersion = 10.0.40219.1
Project("{FAE04EC0-301F-11D3-BF4B-00C04F79EFBC}") = "ClasseArray", "ClasseArray\ClasseArray.csproj", "{98F28E02-3F86-4D21-970A-F7E438AA845E}"
EndProject
Global
	GlobalSection(SolutionConfigurationPlatforms) = preSolution
		Debug|Any CPU = Debug|Any CPU
		Release|Any CPU = Release|Any CPU
	EndGlobalSection
	GlobalSection(ProjectConfigurationPlatforms) = postSolution
		{98F28E02-3F86-4D21-970A-F7E438AA845E}.Debug|Any CPU.ActiveCfg = Debug|Any CPU
		{98F28E02-3F86-4D21-970A-F7E438AA845E}.Debug|Any CPU.Build.0 = Debug|Any CPU
		{98F28E02-3F86-4D21-970A-F7E438AA845E}.Release|Any CPU.ActiveCfg = Release|Any CPU
		{98F28E02-3F86-4D21-970A-F7E438AA845E}.Release|Any CPU.Build.0 = Release|Any CPU
	EndGlobalSection
	GlobalSection(SolutionProperties) = preSolution
		HideSolutionNode = FALSE
	EndGlobalSection
	GlobalSection(ExtensibilityGlobals) = postSolution
		SolutionGuid = {37F69568-0E73-430A-8A6A-A299707C04CA}
	EndGlobalSection
EndGlobal
